// !$*UTF8*$!
{
	archiveVersion = 1;
	classes = {
	};
	objectVersion = 46;
	objects = {

/* Begin PBXBuildFile section */
		4C424FB01E376AFE00166E6D /* AppDelegate.swift in Sources */ = {isa = PBXBuildFile; fileRef = 4C424FAF1E376AFE00166E6D /* AppDelegate.swift */; };
		4C424FB21E376AFE00166E6D /* ViewController.swift in Sources */ = {isa = PBXBuildFile; fileRef = 4C424FB11E376AFE00166E6D /* ViewController.swift */; };
		4C424FB51E376AFE00166E6D /* Main.storyboard in Resources */ = {isa = PBXBuildFile; fileRef = 4C424FB31E376AFE00166E6D /* Main.storyboard */; };
		4C424FB71E376AFE00166E6D /* Assets.xcassets in Resources */ = {isa = PBXBuildFile; fileRef = 4C424FB61E376AFE00166E6D /* Assets.xcassets */; };
		4C424FBA1E376AFE00166E6D /* LaunchScreen.storyboard in Resources */ = {isa = PBXBuildFile; fileRef = 4C424FB81E376AFE00166E6D /* LaunchScreen.storyboard */; };
		4C424FC51E376AFE00166E6D /* DEMoTests.swift in Sources */ = {isa = PBXBuildFile; fileRef = 4C424FC41E376AFE00166E6D /* DEMoTests.swift */; };
		4C424FD01E376AFE00166E6D /* DEMoUITests.swift in Sources */ = {isa = PBXBuildFile; fileRef = 4C424FCF1E376AFE00166E6D /* DEMoUITests.swift */; };
/* End PBXBuildFile section */

/* Begin PBXContainerItemProxy section */
		4C424FC11E376AFE00166E6D /* PBXContainerItemProxy */ = {
			isa = PBXContainerItemProxy;
			containerPortal = 4C424FA41E376AFE00166E6D /* Project object */;
			proxyType = 1;
			remoteGlobalIDString = 4C424FAB1E376AFE00166E6D;
			remoteInfo = DEMo;
		};
		4C424FCC1E376AFE00166E6D /* PBXContainerItemProxy */ = {
			isa = PBXContainerItemProxy;
			containerPortal = 4C424FA41E376AFE00166E6D /* Project object */;
			proxyType = 1;
			remoteGlobalIDString = 4C424FAB1E376AFE00166E6D;
			remoteInfo = DEMo;
		};
/* End PBXContainerItemProxy section */

/* Begin PBXFileReference section */
		4C424FAC1E376AFE00166E6D /* DEMo.app */ = {isa = PBXFileReference; explicitFileType = wrapper.application; includeInIndex = 0; path = DEMo.app; sourceTree = BUILT_PRODUCTS_DIR; };
		4C424FAF1E376AFE00166E6D /* AppDelegate.swift */ = {isa = PBXFileReference; lastKnownFileType = sourcecode.swift; path = AppDelegate.swift; sourceTree = "<group>"; };
		4C424FB11E376AFE00166E6D /* ViewController.swift */ = {isa = PBXFileReference; lastKnownFileType = sourcecode.swift; path = ViewController.swift; sourceTree = "<group>"; };
		4C424FB41E376AFE00166E6D /* Base */ = {isa = PBXFileReference; lastKnownFileType = file.storyboard; name = Base; path = Base.lproj/Main.storyboard; sourceTree = "<group>"; };
		4C424FB61E376AFE00166E6D /* Assets.xcassets */ = {isa = PBXFileReference; lastKnownFileType = folder.assetcatalog; path = Assets.xcassets; sourceTree = "<group>"; };
		4C424FB91E376AFE00166E6D /* Base */ = {isa = PBXFileReference; lastKnownFileType = file.storyboard; name = Base; path = Base.lproj/LaunchScreen.storyboard; sourceTree = "<group>"; };
		4C424FBB1E376AFE00166E6D /* Info.plist */ = {isa = PBXFileReference; lastKnownFileType = text.plist.xml; path = Info.plist; sourceTree = "<group>"; };
		4C424FC01E376AFE00166E6D /* DEMoTests.xctest */ = {isa = PBXFileReference; explicitFileType = wrapper.cfbundle; includeInIndex = 0; path = DEMoTests.xctest; sourceTree = BUILT_PRODUCTS_DIR; };
		4C424FC41E376AFE00166E6D /* DEMoTests.swift */ = {isa = PBXFileReference; lastKnownFileType = sourcecode.swift; path = DEMoTests.swift; sourceTree = "<group>"; };
		4C424FC61E376AFE00166E6D /* Info.plist */ = {isa = PBXFileReference; lastKnownFileType = text.plist.xml; path = Info.plist; sourceTree = "<group>"; };
		4C424FCB1E376AFE00166E6D /* DEMoUITests.xctest */ = {isa = PBXFileReference; explicitFileType = wrapper.cfbundle; includeInIndex = 0; path = DEMoUITests.xctest; sourceTree = BUILT_PRODUCTS_DIR; };
		4C424FCF1E376AFE00166E6D /* DEMoUITests.swift */ = {isa = PBXFileReference; lastKnownFileType = sourcecode.swift; path = DEMoUITests.swift; sourceTree = "<group>"; };
		4C424FD11E376AFE00166E6D /* Info.plist */ = {isa = PBXFileReference; lastKnownFileType = text.plist.xml; path = Info.plist; sourceTree = "<group>"; };
/* End PBXFileReference section */

/* Begin PBXFrameworksBuildPhase section */
		4C424FA91E376AFE00166E6D /* Frameworks */ = {
			isa = PBXFrameworksBuildPhase;
			buildActionMask = 2147483647;
			files = (
			);
			runOnlyForDeploymentPostprocessing = 0;
		};
		4C424FBD1E376AFE00166E6D /* Frameworks */ = {
			isa = PBXFrameworksBuildPhase;
			buildActionMask = 2147483647;
			files = (
			);
			runOnlyForDeploymentPostprocessing = 0;
		};
		4C424FC81E376AFE00166E6D /* Frameworks */ = {
			isa = PBXFrameworksBuildPhase;
			buildActionMask = 2147483647;
			files = (
			);
			runOnlyForDeploymentPostprocessing = 0;
		};
/* End PBXFrameworksBuildPhase section */

/* Begin PBXGroup section */
		4C424FA31E376AFE00166E6D = {
			isa = PBXGroup;
			children = (
				4C424FAE1E376AFE00166E6D /* DEMo */,
				4C424FC31E376AFE00166E6D /* DEMoTests */,
				4C424FCE1E376AFE00166E6D /* DEMoUITests */,
				4C424FAD1E376AFE00166E6D /* Products */,
			);
			sourceTree = "<group>";
		};
		4C424FAD1E376AFE00166E6D /* Products */ = {
			isa = PBXGroup;
			children = (
				4C424FAC1E376AFE00166E6D /* DEMo.app */,
				4C424FC01E376AFE00166E6D /* DEMoTests.xctest */,
				4C424FCB1E376AFE00166E6D /* DEMoUITests.xctest */,
			);
			name = Products;
			sourceTree = "<group>";
		};
		4C424FAE1E376AFE00166E6D /* DEMo */ = {
			isa = PBXGroup;
			children = (
				4C424FAF1E376AFE00166E6D /* AppDelegate.swift */,
				4C424FB11E376AFE00166E6D /* ViewController.swift */,
				4C424FB31E376AFE00166E6D /* Main.storyboard */,
				4C424FB61E376AFE00166E6D /* Assets.xcassets */,
				4C424FB81E376AFE00166E6D /* LaunchScreen.storyboard */,
				4C424FBB1E376AFE00166E6D /* Info.plist */,
			);
			path = DEMo;
			sourceTree = "<group>";
		};
		4C424FC31E376AFE00166E6D /* DEMoTests */ = {
			isa = PBXGroup;
			children = (
				4C424FC41E376AFE00166E6D /* DEMoTests.swift */,
				4C424FC61E376AFE00166E6D /* Info.plist */,
			);
			path = DEMoTests;
			sourceTree = "<group>";
		};
		4C424FCE1E376AFE00166E6D /* DEMoUITests */ = {
			isa = PBXGroup;
			children = (
				4C424FCF1E376AFE00166E6D /* DEMoUITests.swift */,
				4C424FD11E376AFE00166E6D /* Info.plist */,
			);
			path = DEMoUITests;
			sourceTree = "<group>";
		};
/* End PBXGroup section */

/* Begin PBXNativeTarget section */
		4C424FAB1E376AFE00166E6D /* DEMo */ = {
			isa = PBXNativeTarget;
			buildConfigurationList = 4C424FD41E376AFE00166E6D /* Build configuration list for PBXNativeTarget "DEMo" */;
			buildPhases = (
				4C424FA81E376AFE00166E6D /* Sources */,
				4C424FA91E376AFE00166E6D /* Frameworks */,
				4C424FAA1E376AFE00166E6D /* Resources */,
			);
			buildRules = (
			);
			dependencies = (
			);
			name = DEMo;
			productName = DEMo;
			productReference = 4C424FAC1E376AFE00166E6D /* DEMo.app */;
			productType = "com.apple.product-type.application";
		};
		4C424FBF1E376AFE00166E6D /* DEMoTests */ = {
			isa = PBXNativeTarget;
			buildConfigurationList = 4C424FD71E376AFE00166E6D /* Build configuration list for PBXNativeTarget "DEMoTests" */;
			buildPhases = (
				4C424FBC1E376AFE00166E6D /* Sources */,
				4C424FBD1E376AFE00166E6D /* Frameworks */,
				4C424FBE1E376AFE00166E6D /* Resources */,
			);
			buildRules = (
			);
			dependencies = (
				4C424FC21E376AFE00166E6D /* PBXTargetDependency */,
			);
			name = DEMoTests;
			productName = DEMoTests;
			productReference = 4C424FC01E376AFE00166E6D /* DEMoTests.xctest */;
			productType = "com.apple.product-type.bundle.unit-test";
		};
		4C424FCA1E376AFE00166E6D /* DEMoUITests */ = {
			isa = PBXNativeTarget;
			buildConfigurationList = 4C424FDA1E376AFE00166E6D /* Build configuration list for PBXNativeTarget "DEMoUITests" */;
			buildPhases = (
				4C424FC71E376AFE00166E6D /* Sources */,
				4C424FC81E376AFE00166E6D /* Frameworks */,
				4C424FC91E376AFE00166E6D /* Resources */,
			);
			buildRules = (
			);
			dependencies = (
				4C424FCD1E376AFE00166E6D /* PBXTargetDependency */,
			);
			name = DEMoUITests;
			productName = DEMoUITests;
			productReference = 4C424FCB1E376AFE00166E6D /* DEMoUITests.xctest */;
			productType = "com.apple.product-type.bundle.ui-testing";
		};
/* End PBXNativeTarget section */

/* Begin PBXProject section */
		4C424FA41E376AFE00166E6D /* Project object */ = {
			isa = PBXProject;
			attributes = {
				LastSwiftUpdateCheck = 0820;
				LastUpgradeCheck = 0820;
				ORGANIZATIONNAME = Kayoti;
				TargetAttributes = {
					4C424FAB1E376AFE00166E6D = {
						CreatedOnToolsVersion = 8.2.1;
						ProvisioningStyle = Automatic;
					};
					4C424FBF1E376AFE00166E6D = {
						CreatedOnToolsVersion = 8.2.1;
						ProvisioningStyle = Automatic;
						TestTargetID = 4C424FAB1E376AFE00166E6D;
					};
					4C424FCA1E376AFE00166E6D = {
						CreatedOnToolsVersion = 8.2.1;
						ProvisioningStyle = Automatic;
						TestTargetID = 4C424FAB1E376AFE00166E6D;
					};
				};
			};
			buildConfigurationList = 4C424FA71E376AFE00166E6D /* Build configuration list for PBXProject "DEMo" */;
			compatibilityVersion = "Xcode 3.2";
			developmentRegion = English;
			hasScannedForEncodings = 0;
			knownRegions = (
				en,
				Base,
			);
			mainGroup = 4C424FA31E376AFE00166E6D;
			productRefGroup = 4C424FAD1E376AFE00166E6D /* Products */;
			projectDirPath = "";
			projectRoot = "";
			targets = (
				4C424FAB1E376AFE00166E6D /* DEMo */,
				4C424FBF1E376AFE00166E6D /* DEMoTests */,
				4C424FCA1E376AFE00166E6D /* DEMoUITests */,
			);
		};
/* End PBXProject section */

/* Begin PBXResourcesBuildPhase section */
		4C424FAA1E376AFE00166E6D /* Resources */ = {
			isa = PBXResourcesBuildPhase;
			buildActionMask = 2147483647;
			files = (
				4C424FBA1E376AFE00166E6D /* LaunchScreen.storyboard in Resources */,
				4C424FB71E376AFE00166E6D /* Assets.xcassets in Resources */,
				4C424FB51E376AFE00166E6D /* Main.storyboard in Resources */,
			);
			runOnlyForDeploymentPostprocessing = 0;
		};
		4C424FBE1E376AFE00166E6D /* Resources */ = {
			isa = PBXResourcesBuildPhase;
			buildActionMask = 2147483647;
			files = (
			);
			runOnlyForDeploymentPostprocessing = 0;
		};
		4C424FC91E376AFE00166E6D /* Resources */ = {
			isa = PBXResourcesBuildPhase;
			buildActionMask = 2147483647;
			files = (
			);
			runOnlyForDeploymentPostprocessing = 0;
		};
/* End PBXResourcesBuildPhase section */

/* Begin PBXSourcesBuildPhase section */
		4C424FA81E376AFE00166E6D /* Sources */ = {
			isa = PBXSourcesBuildPhase;
			buildActionMask = 2147483647;
			files = (
				4C424FB21E376AFE00166E6D /* ViewController.swift in Sources */,
				4C424FB01E376AFE00166E6D /* AppDelegate.swift in Sources */,
			);
			runOnlyForDeploymentPostprocessing = 0;
		};
		4C424FBC1E376AFE00166E6D /* Sources */ = {
			isa = PBXSourcesBuildPhase;
			buildActionMask = 2147483647;
			files = (
				4C424FC51E376AFE00166E6D /* DEMoTests.swift in Sources */,
			);
			runOnlyForDeploymentPostprocessing = 0;
		};
		4C424FC71E376AFE00166E6D /* Sources */ = {
			isa = PBXSourcesBuildPhase;
			buildActionMask = 2147483647;
			files = (
				4C424FD01E376AFE00166E6D /* DEMoUITests.swift in Sources */,
			);
			runOnlyForDeploymentPostprocessing = 0;
		};
/* End PBXSourcesBuildPhase section */

/* Begin PBXTargetDependency section */
		4C424FC21E376AFE00166E6D /* PBXTargetDependency */ = {
			isa = PBXTargetDependency;
			target = 4C424FAB1E376AFE00166E6D /* DEMo */;
			targetProxy = 4C424FC11E376AFE00166E6D /* PBXContainerItemProxy */;
		};
		4C424FCD1E376AFE00166E6D /* PBXTargetDependency */ = {
			isa = PBXTargetDependency;
			target = 4C424FAB1E376AFE00166E6D /* DEMo */;
			targetProxy = 4C424FCC1E376AFE00166E6D /* PBXContainerItemProxy */;
		};
/* End PBXTargetDependency section */

/* Begin PBXVariantGroup section */
		4C424FB31E376AFE00166E6D /* Main.storyboard */ = {
			isa = PBXVariantGroup;
			children = (
				4C424FB41E376AFE00166E6D /* Base */,
			);
			name = Main.storyboard;
			sourceTree = "<group>";
		};
		4C424FB81E376AFE00166E6D /* LaunchScreen.storyboard */ = {
			isa = PBXVariantGroup;
			children = (
				4C424FB91E376AFE00166E6D /* Base */,
			);
			name = LaunchScreen.storyboard;
			sourceTree = "<group>";
		};
/* End PBXVariantGroup section */

/* Begin XCBuildConfiguration section */
		4C424FD21E376AFE00166E6D /* Debug */ = {
			isa = XCBuildConfiguration;
			buildSettings = {
				ALWAYS_SEARCH_USER_PATHS = NO;
				CLANG_ANALYZER_NONNULL = YES;
				CLANG_CXX_LANGUAGE_STANDARD = "gnu++0x";
				CLANG_CXX_LIBRARY = "libc++";
				CLANG_ENABLE_MODULES = YES;
				CLANG_ENABLE_OBJC_ARC = YES;
				CLANG_WARN_BOOL_CONVERSION = YES;
				CLANG_WARN_CONSTANT_CONVERSION = YES;
				CLANG_WARN_DIRECT_OBJC_ISA_USAGE = YES_ERROR;
				CLANG_WARN_DOCUMENTATION_COMMENTS = YES;
				CLANG_WARN_EMPTY_BODY = YES;
				CLANG_WARN_ENUM_CONVERSION = YES;
				CLANG_WARN_INFINITE_RECURSION = YES;
				CLANG_WARN_INT_CONVERSION = YES;
				CLANG_WARN_OBJC_ROOT_CLASS = YES_ERROR;
				CLANG_WARN_SUSPICIOUS_MOVE = YES;
				CLANG_WARN_UNREACHABLE_CODE = YES;
				CLANG_WARN__DUPLICATE_METHOD_MATCH = YES;
				"CODE_SIGN_IDENTITY[sdk=iphoneos*]" = "iPhone Developer";
				COPY_PHASE_STRIP = NO;
				DEBUG_INFORMATION_FORMAT = dwarf;
				ENABLE_STRICT_OBJC_MSGSEND = YES;
				ENABLE_TESTABILITY = YES;
				GCC_C_LANGUAGE_STANDARD = gnu99;
				GCC_DYNAMIC_NO_PIC = NO;
				GCC_NO_COMMON_BLOCKS = YES;
				GCC_OPTIMIZATION_LEVEL = 0;
				GCC_PREPROCESSOR_DEFINITIONS = (
					"DEBUG=1",
					"$(inherited)",
				);
				GCC_WARN_64_TO_32_BIT_CONVERSION = YES;
				GCC_WARN_ABOUT_RETURN_TYPE = YES_ERROR;
				GCC_WARN_UNDECLARED_SELECTOR = YES;
				GCC_WARN_UNINITIALIZED_AUTOS = YES_AGGRESSIVE;
				GCC_WARN_UNUSED_FUNCTION = YES;
				GCC_WARN_UNUSED_VARIABLE = YES;
				IPHONEOS_DEPLOYMENT_TARGET = 10.2;
				MTL_ENABLE_DEBUG_INFO = YES;
				ONLY_ACTIVE_ARCH = YES;
				SDKROOT = iphoneos;
				SWIFT_ACTIVE_COMPILATION_CONDITIONS = DEBUG;
				SWIFT_OPTIMIZATION_LEVEL = "-Onone";
				TARGETED_DEVICE_FAMILY = "1,2";
			};
			name = Debug;
		};
		4C424FD31E376AFE00166E6D /* Release */ = {
			isa = XCBuildConfiguration;
			buildSettings = {
				ALWAYS_SEARCH_USER_PATHS = NO;
				CLANG_ANALYZER_NONNULL = YES;
				CLANG_CXX_LANGUAGE_STANDARD = "gnu++0x";
				CLANG_CXX_LIBRARY = "libc++";
				CLANG_ENABLE_MODULES = YES;
				CLANG_ENABLE_OBJC_ARC = YES;
				CLANG_WARN_BOOL_CONVERSION = YES;
				CLANG_WARN_CONSTANT_CONVERSION = YES;
				CLANG_WARN_DIRECT_OBJC_ISA_USAGE = YES_ERROR;
				CLANG_WARN_DOCUMENTATION_COMMENTS = YES;
				CLANG_WARN_EMPTY_BODY = YES;
				CLANG_WARN_ENUM_CONVERSION = YES;
				CLANG_WARN_INFINITE_RECURSION = YES;
				CLANG_WARN_INT_CONVERSION = YES;
				CLANG_WARN_OBJC_ROOT_CLASS = YES_ERROR;
				CLANG_WARN_SUSPICIOUS_MOVE = YES;
				CLANG_WARN_UNREACHABLE_CODE = YES;
				CLANG_WARN__DUPLICATE_METHOD_MATCH = YES;
				"CODE_SIGN_IDENTITY[sdk=iphoneos*]" = "iPhone Developer";
				COPY_PHASE_STRIP = NO;
				DEBUG_INFORMATION_FORMAT = "dwarf-with-dsym";
				ENABLE_NS_ASSERTIONS = NO;
				ENABLE_STRICT_OBJC_MSGSEND = YES;
				GCC_C_LANGUAGE_STANDARD = gnu99;
				GCC_NO_COMMON_BLOCKS = YES;
				GCC_WARN_64_TO_32_BIT_CONVERSION = YES;
				GCC_WARN_ABOUT_RETURN_TYPE = YES_ERROR;
				GCC_WARN_UNDECLARED_SELECTOR = YES;
				GCC_WARN_UNINITIALIZED_AUTOS = YES_AGGRESSIVE;
				GCC_WARN_UNUSED_FUNCTION = YES;
				GCC_WARN_UNUSED_VARIABLE = YES;
				IPHONEOS_DEPLOYMENT_TARGET = 10.2;
				MTL_ENABLE_DEBUG_INFO = NO;
				SDKROOT = iphoneos;
				SWIFT_OPTIMIZATION_LEVEL = "-Owholemodule";
				TARGETED_DEVICE_FAMILY = "1,2";
				VALIDATE_PRODUCT = YES;
			};
			name = Release;
		};
		4C424FD51E376AFE00166E6D /* Debug */ = {
			isa = XCBuildConfiguration;
			buildSettings = {
				ASSETCATALOG_COMPILER_APPICON_NAME = AppIcon;
				INFOPLIST_FILE = DEMo/Info.plist;
				LD_RUNPATH_SEARCH_PATHS = "$(inherited) @executable_path/Frameworks";
				PRODUCT_BUNDLE_IDENTIFIER = swd.DEMo;
				PRODUCT_NAME = "$(TARGET_NAME)";
				SWIFT_VERSION = 3.0;
			};
			name = Debug;
		};
		4C424FD61E376AFE00166E6D /* Release */ = {
			isa = XCBuildConfiguration;
			buildSettings = {
				ASSETCATALOG_COMPILER_APPICON_NAME = AppIcon;
				INFOPLIST_FILE = DEMo/Info.plist;
				LD_RUNPATH_SEARCH_PATHS = "$(inherited) @executable_path/Frameworks";
				PRODUCT_BUNDLE_IDENTIFIER = swd.DEMo;
				PRODUCT_NAME = "$(TARGET_NAME)";
				SWIFT_VERSION = 3.0;
			};
			name = Release;
		};
		4C424FD81E376AFE00166E6D /* Debug */ = {
			isa = XCBuildConfiguration;
			buildSettings = {
				ALWAYS_EMBED_SWIFT_STANDARD_LIBRARIES = YES;
				BUNDLE_LOADER = "$(TEST_HOST)";
				INFOPLIST_FILE = DEMoTests/Info.plist;
				LD_RUNPATH_SEARCH_PATHS = "$(inherited) @executable_path/Frameworks @loader_path/Frameworks";
				PRODUCT_BUNDLE_IDENTIFIER = swd.DEMoTests;
				PRODUCT_NAME = "$(TARGET_NAME)";
				SWIFT_VERSION = 3.0;
				TEST_HOST = "$(BUILT_PRODUCTS_DIR)/DEMo.app/DEMo";
			};
			name = Debug;
		};
		4C424FD91E376AFE00166E6D /* Release */ = {
			isa = XCBuildConfiguration;
			buildSettings = {
				ALWAYS_EMBED_SWIFT_STANDARD_LIBRARIES = YES;
				BUNDLE_LOADER = "$(TEST_HOST)";
				INFOPLIST_FILE = DEMoTests/Info.plist;
				LD_RUNPATH_SEARCH_PATHS = "$(inherited) @executable_path/Frameworks @loader_path/Frameworks";
				PRODUCT_BUNDLE_IDENTIFIER = swd.DEMoTests;
				PRODUCT_NAME = "$(TARGET_NAME)";
				SWIFT_VERSION = 3.0;
				TEST_HOST = "$(BUILT_PRODUCTS_DIR)/DEMo.app/DEMo";
			};
			name = Release;
		};
		4C424FDB1E376AFE00166E6D /* Debug */ = {
			isa = XCBuildConfiguration;
			buildSettings = {
				ALWAYS_EMBED_SWIFT_STANDARD_LIBRARIES = YES;
				INFOPLIST_FILE = DEMoUITests/Info.plist;
				LD_RUNPATH_SEARCH_PATHS = "$(inherited) @executable_path/Frameworks @loader_path/Frameworks";
				PRODUCT_BUNDLE_IDENTIFIER = swd.DEMoUITests;
				PRODUCT_NAME = "$(TARGET_NAME)";
				SWIFT_VERSION = 3.0;
				TEST_TARGET_NAME = DEMo;
			};
			name = Debug;
		};
		4C424FDC1E376AFE00166E6D /* Release */ = {
			isa = XCBuildConfiguration;
			buildSettings = {
				ALWAYS_EMBED_SWIFT_STANDARD_LIBRARIES = YES;
				INFOPLIST_FILE = DEMoUITests/Info.plist;
				LD_RUNPATH_SEARCH_PATHS = "$(inherited) @executable_path/Frameworks @loader_path/Frameworks";
				PRODUCT_BUNDLE_IDENTIFIER = swd.DEMoUITests;
				PRODUCT_NAME = "$(TARGET_NAME)";
				SWIFT_VERSION = 3.0;
				TEST_TARGET_NAME = DEMo;
			};
			name = Release;
		};
/* End XCBuildConfiguration section */

/* Begin XCConfigurationList section */
		4C424FA71E376AFE00166E6D /* Build configuration list for PBXProject "DEMo" */ = {
			isa = XCConfigurationList;
			buildConfigurations = (
				4C424FD21E376AFE00166E6D /* Debug */,
				4C424FD31E376AFE00166E6D /* Release */,
			);
			defaultConfigurationIsVisible = 0;
			defaultConfigurationName = Release;
		};
		4C424FD41E376AFE00166E6D /* Build configuration list for PBXNativeTarget "DEMo" */ = {
			isa = XCConfigurationList;
			buildConfigurations = (
				4C424FD51E376AFE00166E6D /* Debug */,
				4C424FD61E376AFE00166E6D /* Release */,
			);
			defaultConfigurationIsVisible = 0;
		};
		4C424FD71E376AFE00166E6D /* Build configuration list for PBXNativeTarget "DEMoTests" */ = {
			isa = XCConfigurationList;
			buildConfigurations = (
				4C424FD81E376AFE00166E6D /* Debug */,
				4C424FD91E376AFE00166E6D /* Release */,
			);
			defaultConfigurationIsVisible = 0;
		};
		4C424FDA1E376AFE00166E6D /* Build configuration list for PBXNativeTarget "DEMoUITests" */ = {
			isa = XCConfigurationList;
			buildConfigurations = (
				4C424FDB1E376AFE00166E6D /* Debug */,
				4C424FDC1E376AFE00166E6D /* Release */,
			);
			defaultConfigurationIsVisible = 0;
		};
/* End XCConfigurationList section */
	};
	rootObject = 4C424FA41E376AFE00166E6D /* Project object */;
}
